// !$*UTF8*$!
{
	archiveVersion = 1;
	classes = {
	};
	objectVersion = 46;
	objects = {

/* Begin PBXBuildFile section */
		69A4FCCC190ED37B002B4DC4 /* AppDelegate.m in Sources */ = {isa = PBXBuildFile; fileRef = 69A4FCA8190ED37B002B4DC4 /* AppDelegate.m */; };
		69A4FCCF190ED37B002B4DC4 /* NSArray+Extended.m in Sources */ = {isa = PBXBuildFile; fileRef = 69A4FCAF190ED37B002B4DC4 /* NSArray+Extended.m */; };
		69A4FCD0190ED37B002B4DC4 /* UIColor+Extended.m in Sources */ = {isa = PBXBuildFile; fileRef = 69A4FCB1190ED37B002B4DC4 /* UIColor+Extended.m */; };
		69A4FCD1190ED37B002B4DC4 /* UIView+Custom.m in Sources */ = {isa = PBXBuildFile; fileRef = 69A4FCB3190ED37B002B4DC4 /* UIView+Custom.m */; };
		69A4FCD2190ED37B002B4DC4 /* CHCollectionViewGraphLayout.m in Sources */ = {isa = PBXBuildFile; fileRef = 69A4FCB6190ED37B002B4DC4 /* CHCollectionViewGraphLayout.m */; };
		69A4FCD3190ED37B002B4DC4 /* CollectionViewCell.m in Sources */ = {isa = PBXBuildFile; fileRef = 69A4FCB8190ED37B002B4DC4 /* CollectionViewCell.m */; };
		69A4FCD4190ED37B002B4DC4 /* InfoPlist.strings in Resources */ = {isa = PBXBuildFile; fileRef = 69A4FCB9190ED37B002B4DC4 /* InfoPlist.strings */; };
		69A4FCD5190ED37B002B4DC4 /* Images.xcassets in Resources */ = {isa = PBXBuildFile; fileRef = 69A4FCBB190ED37B002B4DC4 /* Images.xcassets */; };
		69A4FCD6190ED37B002B4DC4 /* main.m in Sources */ = {isa = PBXBuildFile; fileRef = 69A4FCBC190ED37B002B4DC4 /* main.m */; };
		69A4FCD7190ED37B002B4DC4 /* GraphItem.m in Sources */ = {isa = PBXBuildFile; fileRef = 69A4FCBF190ED37B002B4DC4 /* GraphItem.m */; };
		69A4FCD8190ED37B002B4DC4 /* LoremIpsum.m in Sources */ = {isa = PBXBuildFile; fileRef = 69A4FCC2190ED37B002B4DC4 /* LoremIpsum.m */; };
		69A4FCD9190ED37B002B4DC4 /* Math.m in Sources */ = {isa = PBXBuildFile; fileRef = 69A4FCC4190ED37B002B4DC4 /* Math.m */; };
		69A4FCDA190ED37B002B4DC4 /* PointObj.m in Sources */ = {isa = PBXBuildFile; fileRef = 69A4FCC6190ED37B002B4DC4 /* PointObj.m */; };
		69A4FCDB190ED37B002B4DC4 /* SelectedAreaViewController.m in Sources */ = {isa = PBXBuildFile; fileRef = 69A4FCC9190ED37B002B4DC4 /* SelectedAreaViewController.m */; };
		69A4FCDC190ED37B002B4DC4 /* ViewController.m in Sources */ = {isa = PBXBuildFile; fileRef = 69A4FCCB190ED37B002B4DC4 /* ViewController.m */; };
		69A4FCE3190ED38D002B4DC4 /* InfoPlist.strings in Resources */ = {isa = PBXBuildFile; fileRef = 69A4FCDF190ED38D002B4DC4 /* InfoPlist.strings */; };
		69A4FCE5190ED436002B4DC4 /* Main.storyboard in Resources */ = {isa = PBXBuildFile; fileRef = 69A4FCA9190ED37B002B4DC4 /* Main.storyboard */; };
		69A4FCE7190ED4F4002B4DC4 /* BezirGraphTests.xctest in Resources */ = {isa = PBXBuildFile; fileRef = 69EBCE1F190BE43B00A215A6 /* BezirGraphTests.xctest */; };
		69A4FCE9190ED54F002B4DC4 /* BezirGraphTests.m in Sources */ = {isa = PBXBuildFile; fileRef = 69A4FCE8190ED54F002B4DC4 /* BezirGraphTests.m */; };
		69A4FCEC190EE134002B4DC4 /* BezierGraph.m in Sources */ = {isa = PBXBuildFile; fileRef = 69A4FCEB190EE134002B4DC4 /* BezierGraph.m */; };
		69EBCE02190BE43B00A215A6 /* Foundation.framework in Frameworks */ = {isa = PBXBuildFile; fileRef = 69EBCE01190BE43B00A215A6 /* Foundation.framework */; };
		69EBCE04190BE43B00A215A6 /* CoreGraphics.framework in Frameworks */ = {isa = PBXBuildFile; fileRef = 69EBCE03190BE43B00A215A6 /* CoreGraphics.framework */; };
		69EBCE06190BE43B00A215A6 /* UIKit.framework in Frameworks */ = {isa = PBXBuildFile; fileRef = 69EBCE05190BE43B00A215A6 /* UIKit.framework */; };
		69EBCE21190BE43B00A215A6 /* XCTest.framework in Frameworks */ = {isa = PBXBuildFile; fileRef = 69EBCE20190BE43B00A215A6 /* XCTest.framework */; };
		69EBCE22190BE43B00A215A6 /* Foundation.framework in Frameworks */ = {isa = PBXBuildFile; fileRef = 69EBCE01190BE43B00A215A6 /* Foundation.framework */; };
		69EBCE23190BE43B00A215A6 /* UIKit.framework in Frameworks */ = {isa = PBXBuildFile; fileRef = 69EBCE05190BE43B00A215A6 /* UIKit.framework */; };
/* End PBXBuildFile section */

/* Begin PBXContainerItemProxy section */
		69EBCE24190BE43B00A215A6 /* PBXContainerItemProxy */ = {
			isa = PBXContainerItemProxy;
			containerPortal = 69EBCDF6190BE43B00A215A6 /* Project object */;
			proxyType = 1;
			remoteGlobalIDString = 69EBCDFD190BE43B00A215A6;
			remoteInfo = PopGraph;
		};
/* End PBXContainerItemProxy section */

/* Begin PBXFileReference section */
		69A4FCA7190ED37B002B4DC4 /* AppDelegate.h */ = {isa = PBXFileReference; fileEncoding = 4; lastKnownFileType = sourcecode.c.h; path = AppDelegate.h; sourceTree = "<group>"; };
		69A4FCA8190ED37B002B4DC4 /* AppDelegate.m */ = {isa = PBXFileReference; fileEncoding = 4; lastKnownFileType = sourcecode.c.objc; path = AppDelegate.m; sourceTree = "<group>"; };
		69A4FCAA190ED37B002B4DC4 /* Base */ = {isa = PBXFileReference; lastKnownFileType = file.storyboard; name = Base; path = Base.lproj/Main.storyboard; sourceTree = "<group>"; };
		69A4FCAB190ED37B002B4DC4 /* BezirGraph-Info.plist */ = {isa = PBXFileReference; fileEncoding = 4; lastKnownFileType = text.plist.xml; path = "BezirGraph-Info.plist"; sourceTree = "<group>"; };
		69A4FCAC190ED37B002B4DC4 /* BezirGraph-Prefix.pch */ = {isa = PBXFileReference; fileEncoding = 4; lastKnownFileType = sourcecode.c.h; path = "BezirGraph-Prefix.pch"; sourceTree = "<group>"; };
		69A4FCAE190ED37B002B4DC4 /* NSArray+Extended.h */ = {isa = PBXFileReference; fileEncoding = 4; lastKnownFileType = sourcecode.c.h; path = "NSArray+Extended.h"; sourceTree = "<group>"; };
		69A4FCAF190ED37B002B4DC4 /* NSArray+Extended.m */ = {isa = PBXFileReference; fileEncoding = 4; lastKnownFileType = sourcecode.c.objc; path = "NSArray+Extended.m"; sourceTree = "<group>"; };
		69A4FCB0190ED37B002B4DC4 /* UIColor+Extended.h */ = {isa = PBXFileReference; fileEncoding = 4; lastKnownFileType = sourcecode.c.h; path = "UIColor+Extended.h"; sourceTree = "<group>"; };
		69A4FCB1190ED37B002B4DC4 /* UIColor+Extended.m */ = {isa = PBXFileReference; fileEncoding = 4; lastKnownFileType = sourcecode.c.objc; path = "UIColor+Extended.m"; sourceTree = "<group>"; };
		69A4FCB2190ED37B002B4DC4 /* UIView+Custom.h */ = {isa = PBXFileReference; fileEncoding = 4; lastKnownFileType = sourcecode.c.h; path = "UIView+Custom.h"; sourceTree = "<group>"; };
		69A4FCB3190ED37B002B4DC4 /* UIView+Custom.m */ = {isa = PBXFileReference; fileEncoding = 4; lastKnownFileType = sourcecode.c.objc; path = "UIView+Custom.m"; sourceTree = "<group>"; };
		69A4FCB5190ED37B002B4DC4 /* CHCollectionViewGraphLayout.h */ = {isa = PBXFileReference; fileEncoding = 4; lastKnownFileType = sourcecode.c.h; path = CHCollectionViewGraphLayout.h; sourceTree = "<group>"; };
		69A4FCB6190ED37B002B4DC4 /* CHCollectionViewGraphLayout.m */ = {isa = PBXFileReference; fileEncoding = 4; lastKnownFileType = sourcecode.c.objc; path = CHCollectionViewGraphLayout.m; sourceTree = "<group>"; };
		69A4FCB7190ED37B002B4DC4 /* CollectionViewCell.h */ = {isa = PBXFileReference; fileEncoding = 4; lastKnownFileType = sourcecode.c.h; path = CollectionViewCell.h; sourceTree = "<group>"; };
		69A4FCB8190ED37B002B4DC4 /* CollectionViewCell.m */ = {isa = PBXFileReference; fileEncoding = 4; lastKnownFileType = sourcecode.c.objc; path = CollectionViewCell.m; sourceTree = "<group>"; };
		69A4FCBA190ED37B002B4DC4 /* en */ = {isa = PBXFileReference; lastKnownFileType = text.plist.strings; name = en; path = en.lproj/InfoPlist.strings; sourceTree = "<group>"; };
		69A4FCBB190ED37B002B4DC4 /* Images.xcassets */ = {isa = PBXFileReference; lastKnownFileType = folder.assetcatalog; path = Images.xcassets; sourceTree = "<group>"; };
		69A4FCBC190ED37B002B4DC4 /* main.m */ = {isa = PBXFileReference; fileEncoding = 4; lastKnownFileType = sourcecode.c.objc; path = main.m; sourceTree = "<group>"; };
		69A4FCBE190ED37B002B4DC4 /* GraphItem.h */ = {isa = PBXFileReference; fileEncoding = 4; lastKnownFileType = sourcecode.c.h; path = GraphItem.h; sourceTree = "<group>"; };
		69A4FCBF190ED37B002B4DC4 /* GraphItem.m */ = {isa = PBXFileReference; fileEncoding = 4; lastKnownFileType = sourcecode.c.objc; path = GraphItem.m; sourceTree = "<group>"; };
		69A4FCC1190ED37B002B4DC4 /* LoremIpsum.h */ = {isa = PBXFileReference; fileEncoding = 4; lastKnownFileType = sourcecode.c.h; path = LoremIpsum.h; sourceTree = "<group>"; };
		69A4FCC2190ED37B002B4DC4 /* LoremIpsum.m */ = {isa = PBXFileReference; fileEncoding = 4; lastKnownFileType = sourcecode.c.objc; path = LoremIpsum.m; sourceTree = "<group>"; };
		69A4FCC3190ED37B002B4DC4 /* Math.h */ = {isa = PBXFileReference; fileEncoding = 4; lastKnownFileType = sourcecode.c.h; path = Math.h; sourceTree = "<group>"; };
		69A4FCC4190ED37B002B4DC4 /* Math.m */ = {isa = PBXFileReference; fileEncoding = 4; lastKnownFileType = sourcecode.c.objc; path = Math.m; sourceTree = "<group>"; };
		69A4FCC5190ED37B002B4DC4 /* PointObj.h */ = {isa = PBXFileReference; fileEncoding = 4; lastKnownFileType = sourcecode.c.h; path = PointObj.h; sourceTree = "<group>"; };
		69A4FCC6190ED37B002B4DC4 /* PointObj.m */ = {isa = PBXFileReference; fileEncoding = 4; lastKnownFileType = sourcecode.c.objc; path = PointObj.m; sourceTree = "<group>"; };
		69A4FCC8190ED37B002B4DC4 /* SelectedAreaViewController.h */ = {isa = PBXFileReference; fileEncoding = 4; lastKnownFileType = sourcecode.c.h; path = SelectedAreaViewController.h; sourceTree = "<group>"; };
		69A4FCC9190ED37B002B4DC4 /* SelectedAreaViewController.m */ = {isa = PBXFileReference; fileEncoding = 4; lastKnownFileType = sourcecode.c.objc; path = SelectedAreaViewController.m; sourceTree = "<group>"; };
		69A4FCCA190ED37B002B4DC4 /* ViewController.h */ = {isa = PBXFileReference; fileEncoding = 4; lastKnownFileType = sourcecode.c.h; path = ViewController.h; sourceTree = "<group>"; };
		69A4FCCB190ED37B002B4DC4 /* ViewController.m */ = {isa = PBXFileReference; fileEncoding = 4; lastKnownFileType = sourcecode.c.objc; path = ViewController.m; sourceTree = "<group>"; };
		69A4FCDE190ED38D002B4DC4 /* BezirGraphTests-Info.plist */ = {isa = PBXFileReference; fileEncoding = 4; lastKnownFileType = text.plist.xml; path = "BezirGraphTests-Info.plist"; sourceTree = "<group>"; };
		69A4FCE0190ED38D002B4DC4 /* en */ = {isa = PBXFileReference; lastKnownFileType = text.plist.strings; name = en; path = en.lproj/InfoPlist.strings; sourceTree = "<group>"; };
		69A4FCE8190ED54F002B4DC4 /* BezirGraphTests.m */ = {isa = PBXFileReference; fileEncoding = 4; lastKnownFileType = sourcecode.c.objc; path = BezirGraphTests.m; sourceTree = "<group>"; };
		69A4FCEA190EE134002B4DC4 /* BezierGraph.h */ = {isa = PBXFileReference; fileEncoding = 4; lastKnownFileType = sourcecode.c.h; path = BezierGraph.h; sourceTree = "<group>"; };
		69A4FCEB190EE134002B4DC4 /* BezierGraph.m */ = {isa = PBXFileReference; fileEncoding = 4; lastKnownFileType = sourcecode.c.objc; path = BezierGraph.m; sourceTree = "<group>"; };
		69EBCDFE190BE43B00A215A6 /* BezirGraph.app */ = {isa = PBXFileReference; explicitFileType = wrapper.application; includeInIndex = 0; path = BezirGraph.app; sourceTree = BUILT_PRODUCTS_DIR; };
		69EBCE01190BE43B00A215A6 /* Foundation.framework */ = {isa = PBXFileReference; lastKnownFileType = wrapper.framework; name = Foundation.framework; path = System/Library/Frameworks/Foundation.framework; sourceTree = SDKROOT; };
		69EBCE03190BE43B00A215A6 /* CoreGraphics.framework */ = {isa = PBXFileReference; lastKnownFileType = wrapper.framework; name = CoreGraphics.framework; path = System/Library/Frameworks/CoreGraphics.framework; sourceTree = SDKROOT; };
		69EBCE05190BE43B00A215A6 /* UIKit.framework */ = {isa = PBXFileReference; lastKnownFileType = wrapper.framework; name = UIKit.framework; path = System/Library/Frameworks/UIKit.framework; sourceTree = SDKROOT; };
		69EBCE1F190BE43B00A215A6 /* BezirGraphTests.xctest */ = {isa = PBXFileReference; explicitFileType = wrapper.cfbundle; includeInIndex = 0; path = BezirGraphTests.xctest; sourceTree = BUILT_PRODUCTS_DIR; };
		69EBCE20190BE43B00A215A6 /* XCTest.framework */ = {isa = PBXFileReference; lastKnownFileType = wrapper.framework; name = XCTest.framework; path = Library/Frameworks/XCTest.framework; sourceTree = DEVELOPER_DIR; };
/* End PBXFileReference section */

/* Begin PBXFrameworksBuildPhase section */
		69EBCDFB190BE43B00A215A6 /* Frameworks */ = {
			isa = PBXFrameworksBuildPhase;
			buildActionMask = 2147483647;
			files = (
				69EBCE04190BE43B00A215A6 /* CoreGraphics.framework in Frameworks */,
				69EBCE06190BE43B00A215A6 /* UIKit.framework in Frameworks */,
				69EBCE02190BE43B00A215A6 /* Foundation.framework in Frameworks */,
			);
			runOnlyForDeploymentPostprocessing = 0;
		};
		69EBCE1C190BE43B00A215A6 /* Frameworks */ = {
			isa = PBXFrameworksBuildPhase;
			buildActionMask = 2147483647;
			files = (
				69EBCE21190BE43B00A215A6 /* XCTest.framework in Frameworks */,
				69EBCE23190BE43B00A215A6 /* UIKit.framework in Frameworks */,
				69EBCE22190BE43B00A215A6 /* Foundation.framework in Frameworks */,
			);
			runOnlyForDeploymentPostprocessing = 0;
		};
/* End PBXFrameworksBuildPhase section */

/* Begin PBXGroup section */
		69A4FCA6190ED37B002B4DC4 /* BezirGraph */ = {
			isa = PBXGroup;
			children = (
				69A4FCAD190ED37B002B4DC4 /* Categories */,
				69A4FCB4190ED37B002B4DC4 /* Collection Elements */,
				69A4FCBD190ED37B002B4DC4 /* Models */,
				69A4FCC0190ED37B002B4DC4 /* Utilities */,
				69A4FCC7190ED37B002B4DC4 /* View Controllers */,
				69A4FCA7190ED37B002B4DC4 /* AppDelegate.h */,
				69A4FCA8190ED37B002B4DC4 /* AppDelegate.m */,
				69A4FCEA190EE134002B4DC4 /* BezierGraph.h */,
				69A4FCEB190EE134002B4DC4 /* BezierGraph.m */,
				69A4FCA9190ED37B002B4DC4 /* Main.storyboard */,
				69A4FCAB190ED37B002B4DC4 /* BezirGraph-Info.plist */,
				69A4FCAC190ED37B002B4DC4 /* BezirGraph-Prefix.pch */,
				69A4FCB9190ED37B002B4DC4 /* InfoPlist.strings */,
				69A4FCBB190ED37B002B4DC4 /* Images.xcassets */,
				69A4FCBC190ED37B002B4DC4 /* main.m */,
			);
			path = BezirGraph;
			sourceTree = "<group>";
		};
		69A4FCAD190ED37B002B4DC4 /* Categories */ = {
			isa = PBXGroup;
			children = (
				69A4FCAE190ED37B002B4DC4 /* NSArray+Extended.h */,
				69A4FCAF190ED37B002B4DC4 /* NSArray+Extended.m */,
				69A4FCB0190ED37B002B4DC4 /* UIColor+Extended.h */,
				69A4FCB1190ED37B002B4DC4 /* UIColor+Extended.m */,
				69A4FCB2190ED37B002B4DC4 /* UIView+Custom.h */,
				69A4FCB3190ED37B002B4DC4 /* UIView+Custom.m */,
			);
			path = Categories;
			sourceTree = "<group>";
		};
		69A4FCB4190ED37B002B4DC4 /* Collection Elements */ = {
			isa = PBXGroup;
			children = (
				69A4FCB5190ED37B002B4DC4 /* CHCollectionViewGraphLayout.h */,
				69A4FCB6190ED37B002B4DC4 /* CHCollectionViewGraphLayout.m */,
				69A4FCB7190ED37B002B4DC4 /* CollectionViewCell.h */,
				69A4FCB8190ED37B002B4DC4 /* CollectionViewCell.m */,
			);
			path = "Collection Elements";
			sourceTree = "<group>";
		};
		69A4FCBD190ED37B002B4DC4 /* Models */ = {
			isa = PBXGroup;
			children = (
				69A4FCBE190ED37B002B4DC4 /* GraphItem.h */,
				69A4FCBF190ED37B002B4DC4 /* GraphItem.m */,
			);
			path = Models;
			sourceTree = "<group>";
		};
		69A4FCC0190ED37B002B4DC4 /* Utilities */ = {
			isa = PBXGroup;
			children = (
				69A4FCC1190ED37B002B4DC4 /* LoremIpsum.h */,
				69A4FCC2190ED37B002B4DC4 /* LoremIpsum.m */,
				69A4FCC3190ED37B002B4DC4 /* Math.h */,
				69A4FCC4190ED37B002B4DC4 /* Math.m */,
				69A4FCC5190ED37B002B4DC4 /* PointObj.h */,
				69A4FCC6190ED37B002B4DC4 /* PointObj.m */,
			);
			path = Utilities;
			sourceTree = "<group>";
		};
		69A4FCC7190ED37B002B4DC4 /* View Controllers */ = {
			isa = PBXGroup;
			children = (
				69A4FCC8190ED37B002B4DC4 /* SelectedAreaViewController.h */,
				69A4FCC9190ED37B002B4DC4 /* SelectedAreaViewController.m */,
				69A4FCCA190ED37B002B4DC4 /* ViewController.h */,
				69A4FCCB190ED37B002B4DC4 /* ViewController.m */,
			);
			path = "View Controllers";
			sourceTree = "<group>";
		};
		69A4FCDD190ED38C002B4DC4 /* BezirGraphTests */ = {
			isa = PBXGroup;
			children = (
				69A4FCDE190ED38D002B4DC4 /* BezirGraphTests-Info.plist */,
				69A4FCDF190ED38D002B4DC4 /* InfoPlist.strings */,
				69A4FCE8190ED54F002B4DC4 /* BezirGraphTests.m */,
			);
			path = BezirGraphTests;
			sourceTree = "<group>";
		};
		69EBCDF5190BE43B00A215A6 = {
			isa = PBXGroup;
			children = (
				69A4FCA6190ED37B002B4DC4 /* BezirGraph */,
				69EBCE00190BE43B00A215A6 /* Frameworks */,
				69EBCDFF190BE43B00A215A6 /* Products */,
				69A4FCDD190ED38C002B4DC4 /* BezirGraphTests */,
			);
			sourceTree = "<group>";
		};
		69EBCDFF190BE43B00A215A6 /* Products */ = {
			isa = PBXGroup;
			children = (
				69EBCDFE190BE43B00A215A6 /* BezirGraph.app */,
				69EBCE1F190BE43B00A215A6 /* BezirGraphTests.xctest */,
			);
			name = Products;
			sourceTree = "<group>";
		};
		69EBCE00190BE43B00A215A6 /* Frameworks */ = {
			isa = PBXGroup;
			children = (
				69EBCE01190BE43B00A215A6 /* Foundation.framework */,
				69EBCE03190BE43B00A215A6 /* CoreGraphics.framework */,
				69EBCE05190BE43B00A215A6 /* UIKit.framework */,
				69EBCE20190BE43B00A215A6 /* XCTest.framework */,
			);
			name = Frameworks;
			sourceTree = "<group>";
		};
/* End PBXGroup section */

/* Begin PBXNativeTarget section */
		69EBCDFD190BE43B00A215A6 /* BezirGraph */ = {
			isa = PBXNativeTarget;
			buildConfigurationList = 69EBCE30190BE43B00A215A6 /* Build configuration list for PBXNativeTarget "BezirGraph" */;
			buildPhases = (
				69EBCDFA190BE43B00A215A6 /* Sources */,
				69EBCDFB190BE43B00A215A6 /* Frameworks */,
				69EBCDFC190BE43B00A215A6 /* Resources */,
			);
			buildRules = (
			);
			dependencies = (
			);
			name = BezirGraph;
			productName = PopGraph;
			productReference = 69EBCDFE190BE43B00A215A6 /* BezirGraph.app */;
			productType = "com.apple.product-type.application";
		};
		69EBCE1E190BE43B00A215A6 /* BezirGraphTests */ = {
			isa = PBXNativeTarget;
			buildConfigurationList = 69EBCE33190BE43B00A215A6 /* Build configuration list for PBXNativeTarget "BezirGraphTests" */;
			buildPhases = (
				69EBCE1B190BE43B00A215A6 /* Sources */,
				69EBCE1C190BE43B00A215A6 /* Frameworks */,
				69EBCE1D190BE43B00A215A6 /* Resources */,
			);
			buildRules = (
			);
			dependencies = (
				69EBCE25190BE43B00A215A6 /* PBXTargetDependency */,
			);
			name = BezirGraphTests;
			productName = PopGraphTests;
			productReference = 69EBCE1F190BE43B00A215A6 /* BezirGraphTests.xctest */;
			productType = "com.apple.product-type.bundle.unit-test";
		};
/* End PBXNativeTarget section */

/* Begin PBXProject section */
		69EBCDF6190BE43B00A215A6 /* Project object */ = {
			isa = PBXProject;
			attributes = {
				LastUpgradeCheck = 0510;
				ORGANIZATIONNAME = Cillian;
				TargetAttributes = {
					69EBCE1E190BE43B00A215A6 = {
						TestTargetID = 69EBCDFD190BE43B00A215A6;
					};
				};
			};
			buildConfigurationList = 69EBCDF9190BE43B00A215A6 /* Build configuration list for PBXProject "BezirGraph" */;
			compatibilityVersion = "Xcode 3.2";
			developmentRegion = English;
			hasScannedForEncodings = 0;
			knownRegions = (
				en,
				Base,
			);
			mainGroup = 69EBCDF5190BE43B00A215A6;
			productRefGroup = 69EBCDFF190BE43B00A215A6 /* Products */;
			projectDirPath = "";
			projectRoot = "";
			targets = (
				69EBCDFD190BE43B00A215A6 /* BezirGraph */,
				69EBCE1E190BE43B00A215A6 /* BezirGraphTests */,
			);
		};
/* End PBXProject section */

/* Begin PBXResourcesBuildPhase section */
		69EBCDFC190BE43B00A215A6 /* Resources */ = {
			isa = PBXResourcesBuildPhase;
			buildActionMask = 2147483647;
			files = (
				69A4FCE3190ED38D002B4DC4 /* InfoPlist.strings in Resources */,
				69A4FCE5190ED436002B4DC4 /* Main.storyboard in Resources */,
				69A4FCD5190ED37B002B4DC4 /* Images.xcassets in Resources */,
				69A4FCD4190ED37B002B4DC4 /* InfoPlist.strings in Resources */,
			);
			runOnlyForDeploymentPostprocessing = 0;
		};
		69EBCE1D190BE43B00A215A6 /* Resources */ = {
			isa = PBXResourcesBuildPhase;
			buildActionMask = 2147483647;
			files = (
				69A4FCE7190ED4F4002B4DC4 /* BezirGraphTests.xctest in Resources */,
			);
			runOnlyForDeploymentPostprocessing = 0;
		};
/* End PBXResourcesBuildPhase section */

/* Begin PBXSourcesBuildPhase section */
		69EBCDFA190BE43B00A215A6 /* Sources */ = {
			isa = PBXSourcesBuildPhase;
			buildActionMask = 2147483647;
			files = (
				69A4FCDA190ED37B002B4DC4 /* PointObj.m in Sources */,
				69A4FCEC190EE134002B4DC4 /* BezierGraph.m in Sources */,
				69A4FCD3190ED37B002B4DC4 /* CollectionViewCell.m in Sources */,
				69A4FCD8190ED37B002B4DC4 /* LoremIpsum.m in Sources */,
				69A4FCCC190ED37B002B4DC4 /* AppDelegate.m in Sources */,
				69A4FCDB190ED37B002B4DC4 /* SelectedAreaViewController.m in Sources */,
				69A4FCD2190ED37B002B4DC4 /* CHCollectionViewGraphLayout.m in Sources */,
				69A4FCDC190ED37B002B4DC4 /* ViewController.m in Sources */,
				69A4FCD1190ED37B002B4DC4 /* UIView+Custom.m in Sources */,
				69A4FCD9190ED37B002B4DC4 /* Math.m in Sources */,
				69A4FCD0190ED37B002B4DC4 /* UIColor+Extended.m in Sources */,
				69A4FCD6190ED37B002B4DC4 /* main.m in Sources */,
				69A4FCCF190ED37B002B4DC4 /* NSArray+Extended.m in Sources */,
				69A4FCD7190ED37B002B4DC4 /* GraphItem.m in Sources */,
			);
			runOnlyForDeploymentPostprocessing = 0;
		};
		69EBCE1B190BE43B00A215A6 /* Sources */ = {
			isa = PBXSourcesBuildPhase;
			buildActionMask = 2147483647;
			files = (
				69A4FCE9190ED54F002B4DC4 /* BezirGraphTests.m in Sources */,
			);
			runOnlyForDeploymentPostprocessing = 0;
		};
/* End PBXSourcesBuildPhase section */

/* Begin PBXTargetDependency section */
		69EBCE25190BE43B00A215A6 /* PBXTargetDependency */ = {
			isa = PBXTargetDependency;
			target = 69EBCDFD190BE43B00A215A6 /* BezirGraph */;
			targetProxy = 69EBCE24190BE43B00A215A6 /* PBXContainerItemProxy */;
		};
/* End PBXTargetDependency section */

/* Begin PBXVariantGroup section */
		69A4FCA9190ED37B002B4DC4 /* Main.storyboard */ = {
			isa = PBXVariantGroup;
			children = (
				69A4FCAA190ED37B002B4DC4 /* Base */,
			);
			name = Main.storyboard;
			sourceTree = "<group>";
		};
		69A4FCB9190ED37B002B4DC4 /* InfoPlist.strings */ = {
			isa = PBXVariantGroup;
			children = (
				69A4FCBA190ED37B002B4DC4 /* en */,
			);
			name = InfoPlist.strings;
			sourceTree = "<group>";
		};
		69A4FCDF190ED38D002B4DC4 /* InfoPlist.strings */ = {
			isa = PBXVariantGroup;
			children = (
				69A4FCE0190ED38D002B4DC4 /* en */,
			);
			name = InfoPlist.strings;
			sourceTree = "<group>";
		};
/* End PBXVariantGroup section */

/* Begin XCBuildConfiguration section */
		69EBCE2E190BE43B00A215A6 /* Debug */ = {
			isa = XCBuildConfiguration;
			buildSettings = {
				ALWAYS_SEARCH_USER_PATHS = NO;
				CLANG_CXX_LANGUAGE_STANDARD = "gnu++0x";
				CLANG_CXX_LIBRARY = "libc++";
				CLANG_ENABLE_MODULES = YES;
				CLANG_ENABLE_OBJC_ARC = YES;
				CLANG_WARN_BOOL_CONVERSION = YES;
				CLANG_WARN_CONSTANT_CONVERSION = YES;
				CLANG_WARN_DIRECT_OBJC_ISA_USAGE = YES_ERROR;
				CLANG_WARN_EMPTY_BODY = YES;
				CLANG_WARN_ENUM_CONVERSION = YES;
				CLANG_WARN_INT_CONVERSION = YES;
				CLANG_WARN_OBJC_ROOT_CLASS = YES_ERROR;
				CLANG_WARN__DUPLICATE_METHOD_MATCH = YES;
				"CODE_SIGN_IDENTITY[sdk=iphoneos*]" = "iPhone Developer";
				COPY_PHASE_STRIP = NO;
				GCC_C_LANGUAGE_STANDARD = gnu99;
				GCC_DYNAMIC_NO_PIC = NO;
				GCC_OPTIMIZATION_LEVEL = 0;
				GCC_PREPROCESSOR_DEFINITIONS = (
					"DEBUG=1",
					"$(inherited)",
				);
				GCC_SYMBOLS_PRIVATE_EXTERN = NO;
				GCC_WARN_64_TO_32_BIT_CONVERSION = YES;
				GCC_WARN_ABOUT_RETURN_TYPE = YES_ERROR;
				GCC_WARN_UNDECLARED_SELECTOR = YES;
				GCC_WARN_UNINITIALIZED_AUTOS = YES_AGGRESSIVE;
				GCC_WARN_UNUSED_FUNCTION = YES;
				GCC_WARN_UNUSED_VARIABLE = YES;
				IPHONEOS_DEPLOYMENT_TARGET = 7.1;
				ONLY_ACTIVE_ARCH = YES;
				SDKROOT = iphoneos;
			};
			name = Debug;
		};
		69EBCE2F190BE43B00A215A6 /* Release */ = {
			isa = XCBuildConfiguration;
			buildSettings = {
				ALWAYS_SEARCH_USER_PATHS = NO;
				CLANG_CXX_LANGUAGE_STANDARD = "gnu++0x";
				CLANG_CXX_LIBRARY = "libc++";
				CLANG_ENABLE_MODULES = YES;
				CLANG_ENABLE_OBJC_ARC = YES;
				CLANG_WARN_BOOL_CONVERSION = YES;
				CLANG_WARN_CONSTANT_CONVERSION = YES;
				CLANG_WARN_DIRECT_OBJC_ISA_USAGE = YES_ERROR;
				CLANG_WARN_EMPTY_BODY = YES;
				CLANG_WARN_ENUM_CONVERSION = YES;
				CLANG_WARN_INT_CONVERSION = YES;
				CLANG_WARN_OBJC_ROOT_CLASS = YES_ERROR;
				CLANG_WARN__DUPLICATE_METHOD_MATCH = YES;
				"CODE_SIGN_IDENTITY[sdk=iphoneos*]" = "iPhone Developer";
				COPY_PHASE_STRIP = YES;
				ENABLE_NS_ASSERTIONS = NO;
				GCC_C_LANGUAGE_STANDARD = gnu99;
				GCC_WARN_64_TO_32_BIT_CONVERSION = YES;
				GCC_WARN_ABOUT_RETURN_TYPE = YES_ERROR;
				GCC_WARN_UNDECLARED_SELECTOR = YES;
				GCC_WARN_UNINITIALIZED_AUTOS = YES_AGGRESSIVE;
				GCC_WARN_UNUSED_FUNCTION = YES;
				GCC_WARN_UNUSED_VARIABLE = YES;
				IPHONEOS_DEPLOYMENT_TARGET = 7.1;
				SDKROOT = iphoneos;
				VALIDATE_PRODUCT = YES;
			};
			name = Release;
		};
		69EBCE31190BE43B00A215A6 /* Debug */ = {
			isa = XCBuildConfiguration;
			buildSettings = {
				ASSETCATALOG_COMPILER_APPICON_NAME = AppIcon;
				ASSETCATALOG_COMPILER_LAUNCHIMAGE_NAME = LaunchImage;
				GCC_PRECOMPILE_PREFIX_HEADER = YES;
				GCC_PREFIX_HEADER = "BezirGraph/BezirGraph-Prefix.pch";
				INFOPLIST_FILE = "$(SRCROOT)/BezirGraph/BezirGraph-Info.plist";
				PRODUCT_NAME = BezirGraph;
				WRAPPER_EXTENSION = app;
			};
			name = Debug;
		};
		69EBCE32190BE43B00A215A6 /* Release */ = {
			isa = XCBuildConfiguration;
			buildSettings = {
				ASSETCATALOG_COMPILER_APPICON_NAME = AppIcon;
				ASSETCATALOG_COMPILER_LAUNCHIMAGE_NAME = LaunchImage;
				GCC_PRECOMPILE_PREFIX_HEADER = YES;
				GCC_PREFIX_HEADER = "BezirGraph/BezirGraph-Prefix.pch";
				INFOPLIST_FILE = "$(SRCROOT)/BezirGraph/BezirGraph-Info.plist";
				PRODUCT_NAME = BezirGraph;
				WRAPPER_EXTENSION = app;
			};
			name = Release;
		};
		69EBCE34190BE43B00A215A6 /* Debug */ = {
			isa = XCBuildConfiguration;
			buildSettings = {
				BUNDLE_LOADER = "$(BUILT_PRODUCTS_DIR)/PopGraph.app/PopGraph";
				FRAMEWORK_SEARCH_PATHS = (
					"$(SDKROOT)/Developer/Library/Frameworks",
					"$(inherited)",
					"$(DEVELOPER_FRAMEWORKS_DIR)",
				);
				GCC_PRECOMPILE_PREFIX_HEADER = YES;
				GCC_PREFIX_HEADER = "BezirGraph/BezirGraph-Prefix.pch";
				GCC_PREPROCESSOR_DEFINITIONS = (
					"DEBUG=1",
					"$(inherited)",
				);
				INFOPLIST_FILE = "BezirGraphTests/BezirGraphTests-Info.plist";
				PRODUCT_NAME = BezirGraphTests;
				TEST_HOST = "$(BUNDLE_LOADER)";
				WRAPPER_EXTENSION = xctest;
			};
			name = Debug;
		};
		69EBCE35190BE43B00A215A6 /* Release */ = {
			isa = XCBuildConfiguration;
			buildSettings = {
				BUNDLE_LOADER = "$(BUILT_PRODUCTS_DIR)/PopGraph.app/PopGraph";
				FRAMEWORK_SEARCH_PATHS = (
					"$(SDKROOT)/Developer/Library/Frameworks",
					"$(inherited)",
					"$(DEVELOPER_FRAMEWORKS_DIR)",
				);
				GCC_PRECOMPILE_PREFIX_HEADER = YES;
				GCC_PREFIX_HEADER = "BezirGraph/BezirGraph-Prefix.pch";
				INFOPLIST_FILE = "BezirGraphTests/BezirGraphTests-Info.plist";
				PRODUCT_NAME = BezirGraphTests;
				TEST_HOST = "$(BUNDLE_LOADER)";
				WRAPPER_EXTENSION = xctest;
			};
			name = Release;
		};
/* End XCBuildConfiguration section */

/* Begin XCConfigurationList section */
		69EBCDF9190BE43B00A215A6 /* Build configuration list for PBXProject "BezirGraph" */ = {
			isa = XCConfigurationList;
			buildConfigurations = (
				69EBCE2E190BE43B00A215A6 /* Debug */,
				69EBCE2F190BE43B00A215A6 /* Release */,
			);
			defaultConfigurationIsVisible = 0;
			defaultConfigurationName = Release;
		};
		69EBCE30190BE43B00A215A6 /* Build configuration list for PBXNativeTarget "BezirGraph" */ = {
			isa = XCConfigurationList;
			buildConfigurations = (
				69EBCE31190BE43B00A215A6 /* Debug */,
				69EBCE32190BE43B00A215A6 /* Release */,
			);
			defaultConfigurationIsVisible = 0;
			defaultConfigurationName = Release;
		};
		69EBCE33190BE43B00A215A6 /* Build configuration list for PBXNativeTarget "BezirGraphTests" */ = {
			isa = XCConfigurationList;
			buildConfigurations = (
				69EBCE34190BE43B00A215A6 /* Debug */,
				69EBCE35190BE43B00A215A6 /* Release */,
			);
			defaultConfigurationIsVisible = 0;
			defaultConfigurationName = Release;
		};
/* End XCConfigurationList section */
	};
	rootObject = 69EBCDF6190BE43B00A215A6 /* Project object */;
}
